// !$*UTF8*$!
{
	archiveVersion = 1;
	classes = {
	};
	objectVersion = 56;
	objects = {

/* Begin PBXBuildFile section */
		C8D273F429A195CA006F7C8B /* AppDelegate.swift in Sources */ = {isa = PBXBuildFile; fileRef = C8D273F329A195CA006F7C8B /* AppDelegate.swift */; };
		C8D273F629A195CA006F7C8B /* SceneDelegate.swift in Sources */ = {isa = PBXBuildFile; fileRef = C8D273F529A195CA006F7C8B /* SceneDelegate.swift */; };
		C8D273F829A195CA006F7C8B /* MainTabBarViewController.swift in Sources */ = {isa = PBXBuildFile; fileRef = C8D273F729A195CA006F7C8B /* MainTabBarViewController.swift */; };
		C8D273FD29A195CC006F7C8B /* Assets.xcassets in Resources */ = {isa = PBXBuildFile; fileRef = C8D273FC29A195CC006F7C8B /* Assets.xcassets */; };
		C8D2740029A195CC006F7C8B /* LaunchScreen.storyboard in Resources */ = {isa = PBXBuildFile; fileRef = C8D273FE29A195CC006F7C8B /* LaunchScreen.storyboard */; };
		C8D2740929A1991B006F7C8B /* HomeViewController.swift in Sources */ = {isa = PBXBuildFile; fileRef = C8D2740829A1991B006F7C8B /* HomeViewController.swift */; };
		C8D2740B29A19940006F7C8B /* UpcomingViewController.swift in Sources */ = {isa = PBXBuildFile; fileRef = C8D2740A29A19940006F7C8B /* UpcomingViewController.swift */; };
		C8D2740D29A1996E006F7C8B /* SearchViewController.swift in Sources */ = {isa = PBXBuildFile; fileRef = C8D2740C29A1996E006F7C8B /* SearchViewController.swift */; };
		C8D2740F29A1998D006F7C8B /* DownloadsViewController.swift in Sources */ = {isa = PBXBuildFile; fileRef = C8D2740E29A1998D006F7C8B /* DownloadsViewController.swift */; };
		C8F633E629A3C6B100549324 /* CollectionViewTableViewCell.swift in Sources */ = {isa = PBXBuildFile; fileRef = C8F633E529A3C6B100549324 /* CollectionViewTableViewCell.swift */; };
		C8F633E829A3CDFD00549324 /* HeroHeaderUIView.swift in Sources */ = {isa = PBXBuildFile; fileRef = C8F633E729A3CDFD00549324 /* HeroHeaderUIView.swift */; };
		C8F633EA29A41E8A00549324 /* APICaller.swift in Sources */ = {isa = PBXBuildFile; fileRef = C8F633E929A41E8A00549324 /* APICaller.swift */; };
		C8F633EC29A4286200549324 /* Title.swift in Sources */ = {isa = PBXBuildFile; fileRef = C8F633EB29A4286200549324 /* Title.swift */; };
		C8F633EE29A4393800549324 /* Extension.swift in Sources */ = {isa = PBXBuildFile; fileRef = C8F633ED29A4393800549324 /* Extension.swift */; };
		C8F6341229A5176C00549324 /* TitleCollectionViewCell.swift in Sources */ = {isa = PBXBuildFile; fileRef = C8F6341129A5176C00549324 /* TitleCollectionViewCell.swift */; };
		C8F6341529A5195400549324 /* SDWebImage in Frameworks */ = {isa = PBXBuildFile; productRef = C8F6341429A5195400549324 /* SDWebImage */; };
		C8F6341729A5195400549324 /* SDWebImageMapKit in Frameworks */ = {isa = PBXBuildFile; productRef = C8F6341629A5195400549324 /* SDWebImageMapKit */; };
		C8F6341929A5350F00549324 /* Upcoming.swift in Sources */ = {isa = PBXBuildFile; fileRef = C8F6341829A5350F00549324 /* Upcoming.swift */; };
		C8F6341B29A5A8FC00549324 /* TitleTableViewCell.swift in Sources */ = {isa = PBXBuildFile; fileRef = C8F6341A29A5A8FC00549324 /* TitleTableViewCell.swift */; };
		C8F6341D29A5ACDC00549324 /* TitleViewModel.swift in Sources */ = {isa = PBXBuildFile; fileRef = C8F6341C29A5ACDC00549324 /* TitleViewModel.swift */; };
/* End PBXBuildFile section */

/* Begin PBXFileReference section */
		C8D273F029A195CA006F7C8B /* NetflixClone.app */ = {isa = PBXFileReference; explicitFileType = wrapper.application; includeInIndex = 0; path = NetflixClone.app; sourceTree = BUILT_PRODUCTS_DIR; };
		C8D273F329A195CA006F7C8B /* AppDelegate.swift */ = {isa = PBXFileReference; lastKnownFileType = sourcecode.swift; path = AppDelegate.swift; sourceTree = "<group>"; };
		C8D273F529A195CA006F7C8B /* SceneDelegate.swift */ = {isa = PBXFileReference; lastKnownFileType = sourcecode.swift; path = SceneDelegate.swift; sourceTree = "<group>"; };
		C8D273F729A195CA006F7C8B /* MainTabBarViewController.swift */ = {isa = PBXFileReference; lastKnownFileType = sourcecode.swift; path = MainTabBarViewController.swift; sourceTree = "<group>"; };
		C8D273FC29A195CC006F7C8B /* Assets.xcassets */ = {isa = PBXFileReference; lastKnownFileType = folder.assetcatalog; path = Assets.xcassets; sourceTree = "<group>"; };
		C8D273FF29A195CC006F7C8B /* Base */ = {isa = PBXFileReference; lastKnownFileType = file.storyboard; name = Base; path = Base.lproj/LaunchScreen.storyboard; sourceTree = "<group>"; };
		C8D2740129A195CC006F7C8B /* Info.plist */ = {isa = PBXFileReference; lastKnownFileType = text.plist.xml; path = Info.plist; sourceTree = "<group>"; };
		C8D2740829A1991B006F7C8B /* HomeViewController.swift */ = {isa = PBXFileReference; lastKnownFileType = sourcecode.swift; path = HomeViewController.swift; sourceTree = "<group>"; };
		C8D2740A29A19940006F7C8B /* UpcomingViewController.swift */ = {isa = PBXFileReference; lastKnownFileType = sourcecode.swift; path = UpcomingViewController.swift; sourceTree = "<group>"; };
		C8D2740C29A1996E006F7C8B /* SearchViewController.swift */ = {isa = PBXFileReference; lastKnownFileType = sourcecode.swift; path = SearchViewController.swift; sourceTree = "<group>"; };
		C8D2740E29A1998D006F7C8B /* DownloadsViewController.swift */ = {isa = PBXFileReference; lastKnownFileType = sourcecode.swift; path = DownloadsViewController.swift; sourceTree = "<group>"; };
		C8F633E529A3C6B100549324 /* CollectionViewTableViewCell.swift */ = {isa = PBXFileReference; lastKnownFileType = sourcecode.swift; path = CollectionViewTableViewCell.swift; sourceTree = "<group>"; };
		C8F633E729A3CDFD00549324 /* HeroHeaderUIView.swift */ = {isa = PBXFileReference; lastKnownFileType = sourcecode.swift; path = HeroHeaderUIView.swift; sourceTree = "<group>"; };
		C8F633E929A41E8A00549324 /* APICaller.swift */ = {isa = PBXFileReference; lastKnownFileType = sourcecode.swift; path = APICaller.swift; sourceTree = "<group>"; };
		C8F633EB29A4286200549324 /* Title.swift */ = {isa = PBXFileReference; lastKnownFileType = sourcecode.swift; path = Title.swift; sourceTree = "<group>"; };
		C8F633ED29A4393800549324 /* Extension.swift */ = {isa = PBXFileReference; lastKnownFileType = sourcecode.swift; path = Extension.swift; sourceTree = "<group>"; };
		C8F6341129A5176C00549324 /* TitleCollectionViewCell.swift */ = {isa = PBXFileReference; lastKnownFileType = sourcecode.swift; path = TitleCollectionViewCell.swift; sourceTree = "<group>"; };
		C8F6341829A5350F00549324 /* Upcoming.swift */ = {isa = PBXFileReference; lastKnownFileType = sourcecode.swift; path = Upcoming.swift; sourceTree = "<group>"; };
		C8F6341A29A5A8FC00549324 /* TitleTableViewCell.swift */ = {isa = PBXFileReference; lastKnownFileType = sourcecode.swift; path = TitleTableViewCell.swift; sourceTree = "<group>"; };
		C8F6341C29A5ACDC00549324 /* TitleViewModel.swift */ = {isa = PBXFileReference; lastKnownFileType = sourcecode.swift; path = TitleViewModel.swift; sourceTree = "<group>"; };
/* End PBXFileReference section */

/* Begin PBXFrameworksBuildPhase section */
		C8D273ED29A195CA006F7C8B /* Frameworks */ = {
			isa = PBXFrameworksBuildPhase;
			buildActionMask = 2147483647;
			files = (
				C8F6341729A5195400549324 /* SDWebImageMapKit in Frameworks */,
				C8F6341529A5195400549324 /* SDWebImage in Frameworks */,
			);
			runOnlyForDeploymentPostprocessing = 0;
		};
/* End PBXFrameworksBuildPhase section */

/* Begin PBXGroup section */
		C8D273E729A195CA006F7C8B = {
			isa = PBXGroup;
			children = (
				C8D273F229A195CA006F7C8B /* NetflixClone */,
				C8D273F129A195CA006F7C8B /* Products */,
			);
			sourceTree = "<group>";
		};
		C8D273F129A195CA006F7C8B /* Products */ = {
			isa = PBXGroup;
			children = (
				C8D273F029A195CA006F7C8B /* NetflixClone.app */,
			);
			name = Products;
			sourceTree = "<group>";
		};
		C8D273F229A195CA006F7C8B /* NetflixClone */ = {
			isa = PBXGroup;
			children = (
				C8F633E429A3C67000549324 /* Managers */,
				C8F633E329A3C66500549324 /* Resources */,
				C8F633E229A3C63F00549324 /* Models */,
				C8F633E129A3C63400549324 /* ViewModels */,
				C8F633E029A3C62C00549324 /* Views */,
				C8D2740729A19907006F7C8B /* Controllers */,
				C8D273F329A195CA006F7C8B /* AppDelegate.swift */,
				C8D273F529A195CA006F7C8B /* SceneDelegate.swift */,
				C8D273F729A195CA006F7C8B /* MainTabBarViewController.swift */,
				C8D273FC29A195CC006F7C8B /* Assets.xcassets */,
				C8D273FE29A195CC006F7C8B /* LaunchScreen.storyboard */,
				C8D2740129A195CC006F7C8B /* Info.plist */,
			);
			path = NetflixClone;
			sourceTree = "<group>";
		};
		C8D2740729A19907006F7C8B /* Controllers */ = {
			isa = PBXGroup;
			children = (
				C8D2740829A1991B006F7C8B /* HomeViewController.swift */,
				C8D2740A29A19940006F7C8B /* UpcomingViewController.swift */,
				C8D2740C29A1996E006F7C8B /* SearchViewController.swift */,
				C8D2740E29A1998D006F7C8B /* DownloadsViewController.swift */,
			);
			path = Controllers;
			sourceTree = "<group>";
		};
		C8F633E029A3C62C00549324 /* Views */ = {
			isa = PBXGroup;
			children = (
				C8F633E529A3C6B100549324 /* CollectionViewTableViewCell.swift */,
				C8F633E729A3CDFD00549324 /* HeroHeaderUIView.swift */,
				C8F6341129A5176C00549324 /* TitleCollectionViewCell.swift */,
				C8F6341A29A5A8FC00549324 /* TitleTableViewCell.swift */,
			);
			path = Views;
			sourceTree = "<group>";
		};
		C8F633E129A3C63400549324 /* ViewModels */ = {
			isa = PBXGroup;
			children = (
				C8F6341C29A5ACDC00549324 /* TitleViewModel.swift */,
			);
			path = ViewModels;
			sourceTree = "<group>";
		};
		C8F633E229A3C63F00549324 /* Models */ = {
			isa = PBXGroup;
			children = (
				C8F633EB29A4286200549324 /* Title.swift */,
				C8F6341829A5350F00549324 /* Upcoming.swift */,
			);
			path = Models;
			sourceTree = "<group>";
		};
		C8F633E329A3C66500549324 /* Resources */ = {
			isa = PBXGroup;
			children = (
				C8F633ED29A4393800549324 /* Extension.swift */,
			);
			path = Resources;
			sourceTree = "<group>";
		};
		C8F633E429A3C67000549324 /* Managers */ = {
			isa = PBXGroup;
			children = (
				C8F633E929A41E8A00549324 /* APICaller.swift */,
			);
			path = Managers;
			sourceTree = "<group>";
		};
/* End PBXGroup section */

/* Begin PBXNativeTarget section */
		C8D273EF29A195CA006F7C8B /* NetflixClone */ = {
			isa = PBXNativeTarget;
			buildConfigurationList = C8D2740429A195CC006F7C8B /* Build configuration list for PBXNativeTarget "NetflixClone" */;
			buildPhases = (
				C8D273EC29A195CA006F7C8B /* Sources */,
				C8D273ED29A195CA006F7C8B /* Frameworks */,
				C8D273EE29A195CA006F7C8B /* Resources */,
			);
			buildRules = (
			);
			dependencies = (
			);
			name = NetflixClone;
			packageProductDependencies = (
				C8F6341429A5195400549324 /* SDWebImage */,
				C8F6341629A5195400549324 /* SDWebImageMapKit */,
			);
			productName = NetflixClone;
			productReference = C8D273F029A195CA006F7C8B /* NetflixClone.app */;
			productType = "com.apple.product-type.application";
		};
/* End PBXNativeTarget section */

/* Begin PBXProject section */
		C8D273E829A195CA006F7C8B /* Project object */ = {
			isa = PBXProject;
			attributes = {
				BuildIndependentTargetsInParallel = 1;
				LastSwiftUpdateCheck = 1420;
				LastUpgradeCheck = 1420;
				TargetAttributes = {
					C8D273EF29A195CA006F7C8B = {
						CreatedOnToolsVersion = 14.2;
					};
				};
			};
			buildConfigurationList = C8D273EB29A195CA006F7C8B /* Build configuration list for PBXProject "NetflixClone" */;
			compatibilityVersion = "Xcode 14.0";
			developmentRegion = en;
			hasScannedForEncodings = 0;
			knownRegions = (
				en,
				Base,
			);
			mainGroup = C8D273E729A195CA006F7C8B;
			packageReferences = (
				C8F6341329A5195400549324 /* XCRemoteSwiftPackageReference "SDWebImage" */,
			);
			productRefGroup = C8D273F129A195CA006F7C8B /* Products */;
			projectDirPath = "";
			projectRoot = "";
			targets = (
				C8D273EF29A195CA006F7C8B /* NetflixClone */,
			);
		};
/* End PBXProject section */

/* Begin PBXResourcesBuildPhase section */
		C8D273EE29A195CA006F7C8B /* Resources */ = {
			isa = PBXResourcesBuildPhase;
			buildActionMask = 2147483647;
			files = (
				C8D2740029A195CC006F7C8B /* LaunchScreen.storyboard in Resources */,
				C8D273FD29A195CC006F7C8B /* Assets.xcassets in Resources */,
			);
			runOnlyForDeploymentPostprocessing = 0;
		};
/* End PBXResourcesBuildPhase section */

/* Begin PBXSourcesBuildPhase section */
		C8D273EC29A195CA006F7C8B /* Sources */ = {
			isa = PBXSourcesBuildPhase;
			buildActionMask = 2147483647;
			files = (
				C8D2740D29A1996E006F7C8B /* SearchViewController.swift in Sources */,
				C8F6341229A5176C00549324 /* TitleCollectionViewCell.swift in Sources */,
				C8D273F829A195CA006F7C8B /* MainTabBarViewController.swift in Sources */,
				C8F633E629A3C6B100549324 /* CollectionViewTableViewCell.swift in Sources */,
				C8F633EE29A4393800549324 /* Extension.swift in Sources */,
				C8F633EA29A41E8A00549324 /* APICaller.swift in Sources */,
				C8F633E829A3CDFD00549324 /* HeroHeaderUIView.swift in Sources */,
				C8D2740F29A1998D006F7C8B /* DownloadsViewController.swift in Sources */,
				C8D273F429A195CA006F7C8B /* AppDelegate.swift in Sources */,
				C8F6341929A5350F00549324 /* Upcoming.swift in Sources */,
				C8F6341B29A5A8FC00549324 /* TitleTableViewCell.swift in Sources */,
				C8D273F629A195CA006F7C8B /* SceneDelegate.swift in Sources */,
				C8D2740B29A19940006F7C8B /* UpcomingViewController.swift in Sources */,
				C8F6341D29A5ACDC00549324 /* TitleViewModel.swift in Sources */,
				C8F633EC29A4286200549324 /* Title.swift in Sources */,
				C8D2740929A1991B006F7C8B /* HomeViewController.swift in Sources */,
			);
			runOnlyForDeploymentPostprocessing = 0;
		};
/* End PBXSourcesBuildPhase section */

/* Begin PBXVariantGroup section */
		C8D273FE29A195CC006F7C8B /* LaunchScreen.storyboard */ = {
			isa = PBXVariantGroup;
			children = (
				C8D273FF29A195CC006F7C8B /* Base */,
			);
			name = LaunchScreen.storyboard;
			sourceTree = "<group>";
		};
/* End PBXVariantGroup section */

/* Begin XCBuildConfiguration section */
		C8D2740229A195CC006F7C8B /* Debug */ = {
			isa = XCBuildConfiguration;
			buildSettings = {
				ALWAYS_SEARCH_USER_PATHS = NO;
				CLANG_ANALYZER_NONNULL = YES;
				CLANG_ANALYZER_NUMBER_OBJECT_CONVERSION = YES_AGGRESSIVE;
				CLANG_CXX_LANGUAGE_STANDARD = "gnu++20";
				CLANG_ENABLE_MODULES = YES;
				CLANG_ENABLE_OBJC_ARC = YES;
				CLANG_ENABLE_OBJC_WEAK = YES;
				CLANG_WARN_BLOCK_CAPTURE_AUTORELEASING = YES;
				CLANG_WARN_BOOL_CONVERSION = YES;
				CLANG_WARN_COMMA = YES;
				CLANG_WARN_CONSTANT_CONVERSION = YES;
				CLANG_WARN_DEPRECATED_OBJC_IMPLEMENTATIONS = YES;
				CLANG_WARN_DIRECT_OBJC_ISA_USAGE = YES_ERROR;
				CLANG_WARN_DOCUMENTATION_COMMENTS = YES;
				CLANG_WARN_EMPTY_BODY = YES;
				CLANG_WARN_ENUM_CONVERSION = YES;
				CLANG_WARN_INFINITE_RECURSION = YES;
				CLANG_WARN_INT_CONVERSION = YES;
				CLANG_WARN_NON_LITERAL_NULL_CONVERSION = YES;
				CLANG_WARN_OBJC_IMPLICIT_RETAIN_SELF = YES;
				CLANG_WARN_OBJC_LITERAL_CONVERSION = YES;
				CLANG_WARN_OBJC_ROOT_CLASS = YES_ERROR;
				CLANG_WARN_QUOTED_INCLUDE_IN_FRAMEWORK_HEADER = YES;
				CLANG_WARN_RANGE_LOOP_ANALYSIS = YES;
				CLANG_WARN_STRICT_PROTOTYPES = YES;
				CLANG_WARN_SUSPICIOUS_MOVE = YES;
				CLANG_WARN_UNGUARDED_AVAILABILITY = YES_AGGRESSIVE;
				CLANG_WARN_UNREACHABLE_CODE = YES;
				CLANG_WARN__DUPLICATE_METHOD_MATCH = YES;
				COPY_PHASE_STRIP = NO;
				DEBUG_INFORMATION_FORMAT = dwarf;
				ENABLE_STRICT_OBJC_MSGSEND = YES;
				ENABLE_TESTABILITY = YES;
				GCC_C_LANGUAGE_STANDARD = gnu11;
				GCC_DYNAMIC_NO_PIC = NO;
				GCC_NO_COMMON_BLOCKS = YES;
				GCC_OPTIMIZATION_LEVEL = 0;
				GCC_PREPROCESSOR_DEFINITIONS = (
					"DEBUG=1",
					"$(inherited)",
				);
				GCC_WARN_64_TO_32_BIT_CONVERSION = YES;
				GCC_WARN_ABOUT_RETURN_TYPE = YES_ERROR;
				GCC_WARN_UNDECLARED_SELECTOR = YES;
				GCC_WARN_UNINITIALIZED_AUTOS = YES_AGGRESSIVE;
				GCC_WARN_UNUSED_FUNCTION = YES;
				GCC_WARN_UNUSED_VARIABLE = YES;
				IPHONEOS_DEPLOYMENT_TARGET = 16.2;
				MTL_ENABLE_DEBUG_INFO = INCLUDE_SOURCE;
				MTL_FAST_MATH = YES;
				ONLY_ACTIVE_ARCH = YES;
				SDKROOT = iphoneos;
				SWIFT_ACTIVE_COMPILATION_CONDITIONS = DEBUG;
				SWIFT_OPTIMIZATION_LEVEL = "-Onone";
			};
			name = Debug;
		};
		C8D2740329A195CC006F7C8B /* Release */ = {
			isa = XCBuildConfiguration;
			buildSettings = {
				ALWAYS_SEARCH_USER_PATHS = NO;
				CLANG_ANALYZER_NONNULL = YES;
				CLANG_ANALYZER_NUMBER_OBJECT_CONVERSION = YES_AGGRESSIVE;
				CLANG_CXX_LANGUAGE_STANDARD = "gnu++20";
				CLANG_ENABLE_MODULES = YES;
				CLANG_ENABLE_OBJC_ARC = YES;
				CLANG_ENABLE_OBJC_WEAK = YES;
				CLANG_WARN_BLOCK_CAPTURE_AUTORELEASING = YES;
				CLANG_WARN_BOOL_CONVERSION = YES;
				CLANG_WARN_COMMA = YES;
				CLANG_WARN_CONSTANT_CONVERSION = YES;
				CLANG_WARN_DEPRECATED_OBJC_IMPLEMENTATIONS = YES;
				CLANG_WARN_DIRECT_OBJC_ISA_USAGE = YES_ERROR;
				CLANG_WARN_DOCUMENTATION_COMMENTS = YES;
				CLANG_WARN_EMPTY_BODY = YES;
				CLANG_WARN_ENUM_CONVERSION = YES;
				CLANG_WARN_INFINITE_RECURSION = YES;
				CLANG_WARN_INT_CONVERSION = YES;
				CLANG_WARN_NON_LITERAL_NULL_CONVERSION = YES;
				CLANG_WARN_OBJC_IMPLICIT_RETAIN_SELF = YES;
				CLANG_WARN_OBJC_LITERAL_CONVERSION = YES;
				CLANG_WARN_OBJC_ROOT_CLASS = YES_ERROR;
				CLANG_WARN_QUOTED_INCLUDE_IN_FRAMEWORK_HEADER = YES;
				CLANG_WARN_RANGE_LOOP_ANALYSIS = YES;
				CLANG_WARN_STRICT_PROTOTYPES = YES;
				CLANG_WARN_SUSPICIOUS_MOVE = YES;
				CLANG_WARN_UNGUARDED_AVAILABILITY = YES_AGGRESSIVE;
				CLANG_WARN_UNREACHABLE_CODE = YES;
				CLANG_WARN__DUPLICATE_METHOD_MATCH = YES;
				COPY_PHASE_STRIP = NO;
				DEBUG_INFORMATION_FORMAT = "dwarf-with-dsym";
				ENABLE_NS_ASSERTIONS = NO;
				ENABLE_STRICT_OBJC_MSGSEND = YES;
				GCC_C_LANGUAGE_STANDARD = gnu11;
				GCC_NO_COMMON_BLOCKS = YES;
				GCC_WARN_64_TO_32_BIT_CONVERSION = YES;
				GCC_WARN_ABOUT_RETURN_TYPE = YES_ERROR;
				GCC_WARN_UNDECLARED_SELECTOR = YES;
				GCC_WARN_UNINITIALIZED_AUTOS = YES_AGGRESSIVE;
				GCC_WARN_UNUSED_FUNCTION = YES;
				GCC_WARN_UNUSED_VARIABLE = YES;
				IPHONEOS_DEPLOYMENT_TARGET = 16.2;
				MTL_ENABLE_DEBUG_INFO = NO;
				MTL_FAST_MATH = YES;
				SDKROOT = iphoneos;
				SWIFT_COMPILATION_MODE = wholemodule;
				SWIFT_OPTIMIZATION_LEVEL = "-O";
				VALIDATE_PRODUCT = YES;
			};
			name = Release;
		};
		C8D2740529A195CC006F7C8B /* Debug */ = {
			isa = XCBuildConfiguration;
			buildSettings = {
				ASSETCATALOG_COMPILER_APPICON_NAME = AppIcon;
				ASSETCATALOG_COMPILER_GLOBAL_ACCENT_COLOR_NAME = AccentColor;
				CODE_SIGN_STYLE = Automatic;
				CURRENT_PROJECT_VERSION = 1;
				DEVELOPMENT_TEAM = LJ3GN38QT5;
				GENERATE_INFOPLIST_FILE = YES;
				INFOPLIST_FILE = NetflixClone/Info.plist;
				INFOPLIST_KEY_UIApplicationSupportsIndirectInputEvents = YES;
				INFOPLIST_KEY_UILaunchStoryboardName = LaunchScreen;
				INFOPLIST_KEY_UISupportedInterfaceOrientations_iPad = "UIInterfaceOrientationPortrait UIInterfaceOrientationPortraitUpsideDown UIInterfaceOrientationLandscapeLeft UIInterfaceOrientationLandscapeRight";
				INFOPLIST_KEY_UISupportedInterfaceOrientations_iPhone = "UIInterfaceOrientationPortrait UIInterfaceOrientationLandscapeLeft UIInterfaceOrientationLandscapeRight";
				LD_RUNPATH_SEARCH_PATHS = (
					"$(inherited)",
					"@executable_path/Frameworks",
				);
				MARKETING_VERSION = 1.0;
				PRODUCT_BUNDLE_IDENTIFIER = com.wilsonmungai.NetflixClone;
				PRODUCT_NAME = "$(TARGET_NAME)";
				SWIFT_EMIT_LOC_STRINGS = YES;
				SWIFT_VERSION = 5.0;
				TARGETED_DEVICE_FAMILY = "1,2";
			};
			name = Debug;
		};
		C8D2740629A195CC006F7C8B /* Release */ = {
			isa = XCBuildConfiguration;
			buildSettings = {
				ASSETCATALOG_COMPILER_APPICON_NAME = AppIcon;
				ASSETCATALOG_COMPILER_GLOBAL_ACCENT_COLOR_NAME = AccentColor;
				CODE_SIGN_STYLE = Automatic;
				CURRENT_PROJECT_VERSION = 1;
				DEVELOPMENT_TEAM = LJ3GN38QT5;
				GENERATE_INFOPLIST_FILE = YES;
				INFOPLIST_FILE = NetflixClone/Info.plist;
				INFOPLIST_KEY_UIApplicationSupportsIndirectInputEvents = YES;
				INFOPLIST_KEY_UILaunchStoryboardName = LaunchScreen;
				INFOPLIST_KEY_UISupportedInterfaceOrientations_iPad = "UIInterfaceOrientationPortrait UIInterfaceOrientationPortraitUpsideDown UIInterfaceOrientationLandscapeLeft UIInterfaceOrientationLandscapeRight";
				INFOPLIST_KEY_UISupportedInterfaceOrientations_iPhone = "UIInterfaceOrientationPortrait UIInterfaceOrientationLandscapeLeft UIInterfaceOrientationLandscapeRight";
				LD_RUNPATH_SEARCH_PATHS = (
					"$(inherited)",
					"@executable_path/Frameworks",
				);
				MARKETING_VERSION = 1.0;
				PRODUCT_BUNDLE_IDENTIFIER = com.wilsonmungai.NetflixClone;
				PRODUCT_NAME = "$(TARGET_NAME)";
				SWIFT_EMIT_LOC_STRINGS = YES;
				SWIFT_VERSION = 5.0;
				TARGETED_DEVICE_FAMILY = "1,2";
			};
			name = Release;
		};
/* End XCBuildConfiguration section */

/* Begin XCConfigurationList section */
		C8D273EB29A195CA006F7C8B /* Build configuration list for PBXProject "NetflixClone" */ = {
			isa = XCConfigurationList;
			buildConfigurations = (
				C8D2740229A195CC006F7C8B /* Debug */,
				C8D2740329A195CC006F7C8B /* Release */,
			);
			defaultConfigurationIsVisible = 0;
			defaultConfigurationName = Release;
		};
		C8D2740429A195CC006F7C8B /* Build configuration list for PBXNativeTarget "NetflixClone" */ = {
			isa = XCConfigurationList;
			buildConfigurations = (
				C8D2740529A195CC006F7C8B /* Debug */,
				C8D2740629A195CC006F7C8B /* Release */,
			);
			defaultConfigurationIsVisible = 0;
			defaultConfigurationName = Release;
		};
/* End XCConfigurationList section */

/* Begin XCRemoteSwiftPackageReference section */
		C8F6341329A5195400549324 /* XCRemoteSwiftPackageReference "SDWebImage" */ = {
			isa = XCRemoteSwiftPackageReference;
			repositoryURL = "https://github.com/SDWebImage/SDWebImage.git";
			requirement = {
				branch = master;
				kind = branch;
			};
		};
/* End XCRemoteSwiftPackageReference section */

/* Begin XCSwiftPackageProductDependency section */
		C8F6341429A5195400549324 /* SDWebImage */ = {
			isa = XCSwiftPackageProductDependency;
			package = C8F6341329A5195400549324 /* XCRemoteSwiftPackageReference "SDWebImage" */;
			productName = SDWebImage;
		};
		C8F6341629A5195400549324 /* SDWebImageMapKit */ = {
			isa = XCSwiftPackageProductDependency;
			package = C8F6341329A5195400549324 /* XCRemoteSwiftPackageReference "SDWebImage" */;
			productName = SDWebImageMapKit;
		};
/* End XCSwiftPackageProductDependency section */
	};
	rootObject = C8D273E829A195CA006F7C8B /* Project object */;
}
